// !$*UTF8*$!
{
	archiveVersion = 1;
	classes = {
	};
	objectVersion = 46;
	objects = {

/* Begin PBXBuildFile section */
		279332CA74ACC77F6E32E76E /* Pods_BrainTrain.framework in Frameworks */ = {isa = PBXBuildFile; fileRef = 556AC2A36485E7699A2BA6C0 /* Pods_BrainTrain.framework */; };
		50683EA91EE471D50039C140 /* AppDelegate.swift in Sources */ = {isa = PBXBuildFile; fileRef = 50683EA81EE471D50039C140 /* AppDelegate.swift */; };
		50683EAE1EE471D50039C140 /* Main.storyboard in Resources */ = {isa = PBXBuildFile; fileRef = 50683EAC1EE471D50039C140 /* Main.storyboard */; };
		50683EB01EE471D50039C140 /* Assets.xcassets in Resources */ = {isa = PBXBuildFile; fileRef = 50683EAF1EE471D50039C140 /* Assets.xcassets */; };
		50683EB31EE471D50039C140 /* LaunchScreen.storyboard in Resources */ = {isa = PBXBuildFile; fileRef = 50683EB11EE471D50039C140 /* LaunchScreen.storyboard */; };
		50683EBE1EE471D50039C140 /* BrainTrainTests.swift in Sources */ = {isa = PBXBuildFile; fileRef = 50683EBD1EE471D50039C140 /* BrainTrainTests.swift */; };
		50683EC91EE471D50039C140 /* BrainTrainUITests.swift in Sources */ = {isa = PBXBuildFile; fileRef = 50683EC81EE471D50039C140 /* BrainTrainUITests.swift */; };
		50683EDD1EE474390039C140 /* GameProtocol.swift in Sources */ = {isa = PBXBuildFile; fileRef = 50683EDC1EE474390039C140 /* GameProtocol.swift */; };
		50683EDF1EE474610039C140 /* GameManager.swift in Sources */ = {isa = PBXBuildFile; fileRef = 50683EDE1EE474610039C140 /* GameManager.swift */; };
		50683EE21EE4754E0039C140 /* TestGame.swift in Sources */ = {isa = PBXBuildFile; fileRef = 50683EE11EE4754E0039C140 /* TestGame.swift */; };
		50683EE61EE478320039C140 /* GameTableViewController.swift in Sources */ = {isa = PBXBuildFile; fileRef = 50683EE51EE478320039C140 /* GameTableViewController.swift */; };
		50683EEB1EE54B390039C140 /* TestGameViewController.swift in Sources */ = {isa = PBXBuildFile; fileRef = 50683EE91EE54B390039C140 /* TestGameViewController.swift */; };
		50683EEC1EE54B390039C140 /* TestGameViewController.xib in Resources */ = {isa = PBXBuildFile; fileRef = 50683EEA1EE54B390039C140 /* TestGameViewController.xib */; };
		50683EEF1EE550FD0039C140 /* GameViewController.swift in Sources */ = {isa = PBXBuildFile; fileRef = 50683EED1EE550FD0039C140 /* GameViewController.swift */; };
		50683EF01EE550FD0039C140 /* GameViewController.xib in Resources */ = {isa = PBXBuildFile; fileRef = 50683EEE1EE550FD0039C140 /* GameViewController.xib */; };
		50683EF31EE569CA0039C140 /* ErrorSpotting.swift in Sources */ = {isa = PBXBuildFile; fileRef = 50683EF21EE569CA0039C140 /* ErrorSpotting.swift */; };
		50683EF61EE56A140039C140 /* ErrorSpottingViewController.swift in Sources */ = {isa = PBXBuildFile; fileRef = 50683EF41EE56A140039C140 /* ErrorSpottingViewController.swift */; };
		50683EF71EE56A140039C140 /* ErrorSpottingViewController.xib in Resources */ = {isa = PBXBuildFile; fileRef = 50683EF51EE56A140039C140 /* ErrorSpottingViewController.xib */; };
		50683EF91EE56C8A0039C140 /* Util.swift in Sources */ = {isa = PBXBuildFile; fileRef = 50683EF81EE56C8A0039C140 /* Util.swift */; };
		5078891A1EEACA5600C66E23 /* SpeedMathGame.swift in Sources */ = {isa = PBXBuildFile; fileRef = 507889191EEACA5600C66E23 /* SpeedMathGame.swift */; };
		5078891D1EEACBAB00C66E23 /* SpeedMathViewController.swift in Sources */ = {isa = PBXBuildFile; fileRef = 5078891B1EEACBAB00C66E23 /* SpeedMathViewController.swift */; };
		5078891E1EEACBAB00C66E23 /* SpeedMathViewController.xib in Resources */ = {isa = PBXBuildFile; fileRef = 5078891C1EEACBAB00C66E23 /* SpeedMathViewController.xib */; };
		507889201EEACFB000C66E23 /* Math.swift in Sources */ = {isa = PBXBuildFile; fileRef = 5078891F1EEACFB000C66E23 /* Math.swift */; };
		507889231EEAD29A00C66E23 /* UIViewShake.swift in Sources */ = {isa = PBXBuildFile; fileRef = 507889221EEAD29A00C66E23 /* UIViewShake.swift */; };
		5078892B1EEAE14500C66E23 /* BrainTrain.xcdatamodeld in Sources */ = {isa = PBXBuildFile; fileRef = 507889291EEAE14500C66E23 /* BrainTrain.xcdatamodeld */; };
		507889371EEAEF0D00C66E23 /* GameScore.swift in Sources */ = {isa = PBXBuildFile; fileRef = 507889361EEAEF0D00C66E23 /* GameScore.swift */; };
		507889391EED400800C66E23 /* ErrorSpotting.xcassets in Resources */ = {isa = PBXBuildFile; fileRef = 507889381EED400800C66E23 /* ErrorSpotting.xcassets */; };
		5078893C1EED695400C66E23 /* ColoredWordsGame.swift in Sources */ = {isa = PBXBuildFile; fileRef = 5078893B1EED695400C66E23 /* ColoredWordsGame.swift */; };
		507889431EED6B7300C66E23 /* ColoredWordsViewController.swift in Sources */ = {isa = PBXBuildFile; fileRef = 507889411EED6B7300C66E23 /* ColoredWordsViewController.swift */; };
		507889441EED6B7300C66E23 /* ColoredWordsViewController.xib in Resources */ = {isa = PBXBuildFile; fileRef = 507889421EED6B7300C66E23 /* ColoredWordsViewController.xib */; };
		507889461EF3DE1300C66E23 /* ChartSeries.swift in Sources */ = {isa = PBXBuildFile; fileRef = 507889451EF3DE1300C66E23 /* ChartSeries.swift */; };
		507889481F03E16D00C66E23 /* GameLevel.swift in Sources */ = {isa = PBXBuildFile; fileRef = 507889471F03E16D00C66E23 /* GameLevel.swift */; };
		7C8EF948A73593F9F66EE8A0 /* Pods_BrainTrainTests.framework in Frameworks */ = {isa = PBXBuildFile; fileRef = 6A9B9DA999A77DA26C2F54BF /* Pods_BrainTrainTests.framework */; };
		AB82728D9982A4BDBAA79802 /* Pods_BrainTrainUITests.framework in Frameworks */ = {isa = PBXBuildFile; fileRef = E2357BCE7C777EED3E0E0812 /* Pods_BrainTrainUITests.framework */; };
/* End PBXBuildFile section */

/* Begin PBXContainerItemProxy section */
		50683EBA1EE471D50039C140 /* PBXContainerItemProxy */ = {
			isa = PBXContainerItemProxy;
			containerPortal = 50683E9D1EE471D50039C140 /* Project object */;
			proxyType = 1;
			remoteGlobalIDString = 50683EA41EE471D50039C140;
			remoteInfo = BrainTrain;
		};
		50683EC51EE471D50039C140 /* PBXContainerItemProxy */ = {
			isa = PBXContainerItemProxy;
			containerPortal = 50683E9D1EE471D50039C140 /* Project object */;
			proxyType = 1;
			remoteGlobalIDString = 50683EA41EE471D50039C140;
			remoteInfo = BrainTrain;
		};
/* End PBXContainerItemProxy section */

/* Begin PBXFileReference section */
		297FD4EB288F1524923FF8A8 /* Pods-BrainTrainUITests.release.xcconfig */ = {isa = PBXFileReference; includeInIndex = 1; lastKnownFileType = text.xcconfig; name = "Pods-BrainTrainUITests.release.xcconfig"; path = "Pods/Target Support Files/Pods-BrainTrainUITests/Pods-BrainTrainUITests.release.xcconfig"; sourceTree = "<group>"; };
		31C476DBEBBA14EE4FFD367B /* Pods-BrainTrainUITests.debug.xcconfig */ = {isa = PBXFileReference; includeInIndex = 1; lastKnownFileType = text.xcconfig; name = "Pods-BrainTrainUITests.debug.xcconfig"; path = "Pods/Target Support Files/Pods-BrainTrainUITests/Pods-BrainTrainUITests.debug.xcconfig"; sourceTree = "<group>"; };
		48BF940B616658E5C161E11F /* Pods-BrainTrain.release.xcconfig */ = {isa = PBXFileReference; includeInIndex = 1; lastKnownFileType = text.xcconfig; name = "Pods-BrainTrain.release.xcconfig"; path = "Pods/Target Support Files/Pods-BrainTrain/Pods-BrainTrain.release.xcconfig"; sourceTree = "<group>"; };
		50683EA51EE471D50039C140 /* BrainTrain.app */ = {isa = PBXFileReference; explicitFileType = wrapper.application; includeInIndex = 0; path = BrainTrain.app; sourceTree = BUILT_PRODUCTS_DIR; };
		50683EA81EE471D50039C140 /* AppDelegate.swift */ = {isa = PBXFileReference; lastKnownFileType = sourcecode.swift; path = AppDelegate.swift; sourceTree = "<group>"; };
		50683EAD1EE471D50039C140 /* Base */ = {isa = PBXFileReference; lastKnownFileType = file.storyboard; name = Base; path = Base.lproj/Main.storyboard; sourceTree = "<group>"; };
		50683EAF1EE471D50039C140 /* Assets.xcassets */ = {isa = PBXFileReference; lastKnownFileType = folder.assetcatalog; path = Assets.xcassets; sourceTree = "<group>"; };
		50683EB21EE471D50039C140 /* Base */ = {isa = PBXFileReference; lastKnownFileType = file.storyboard; name = Base; path = Base.lproj/LaunchScreen.storyboard; sourceTree = "<group>"; };
		50683EB41EE471D50039C140 /* Info.plist */ = {isa = PBXFileReference; lastKnownFileType = text.plist.xml; path = Info.plist; sourceTree = "<group>"; };
		50683EB91EE471D50039C140 /* BrainTrainTests.xctest */ = {isa = PBXFileReference; explicitFileType = wrapper.cfbundle; includeInIndex = 0; path = BrainTrainTests.xctest; sourceTree = BUILT_PRODUCTS_DIR; };
		50683EBD1EE471D50039C140 /* BrainTrainTests.swift */ = {isa = PBXFileReference; lastKnownFileType = sourcecode.swift; path = BrainTrainTests.swift; sourceTree = "<group>"; };
		50683EBF1EE471D50039C140 /* Info.plist */ = {isa = PBXFileReference; lastKnownFileType = text.plist.xml; path = Info.plist; sourceTree = "<group>"; };
		50683EC41EE471D50039C140 /* BrainTrainUITests.xctest */ = {isa = PBXFileReference; explicitFileType = wrapper.cfbundle; includeInIndex = 0; path = BrainTrainUITests.xctest; sourceTree = BUILT_PRODUCTS_DIR; };
		50683EC81EE471D50039C140 /* BrainTrainUITests.swift */ = {isa = PBXFileReference; lastKnownFileType = sourcecode.swift; path = BrainTrainUITests.swift; sourceTree = "<group>"; };
		50683ECA1EE471D50039C140 /* Info.plist */ = {isa = PBXFileReference; lastKnownFileType = text.plist.xml; path = Info.plist; sourceTree = "<group>"; };
		50683EDC1EE474390039C140 /* GameProtocol.swift */ = {isa = PBXFileReference; fileEncoding = 4; lastKnownFileType = sourcecode.swift; path = GameProtocol.swift; sourceTree = "<group>"; };
		50683EDE1EE474610039C140 /* GameManager.swift */ = {isa = PBXFileReference; fileEncoding = 4; lastKnownFileType = sourcecode.swift; path = GameManager.swift; sourceTree = "<group>"; };
		50683EE11EE4754E0039C140 /* TestGame.swift */ = {isa = PBXFileReference; fileEncoding = 4; lastKnownFileType = sourcecode.swift; path = TestGame.swift; sourceTree = "<group>"; };
		50683EE51EE478320039C140 /* GameTableViewController.swift */ = {isa = PBXFileReference; fileEncoding = 4; lastKnownFileType = sourcecode.swift; path = GameTableViewController.swift; sourceTree = "<group>"; };
		50683EE91EE54B390039C140 /* TestGameViewController.swift */ = {isa = PBXFileReference; fileEncoding = 4; lastKnownFileType = sourcecode.swift; path = TestGameViewController.swift; sourceTree = "<group>"; };
		50683EEA1EE54B390039C140 /* TestGameViewController.xib */ = {isa = PBXFileReference; fileEncoding = 4; lastKnownFileType = file.xib; path = TestGameViewController.xib; sourceTree = "<group>"; };
		50683EED1EE550FD0039C140 /* GameViewController.swift */ = {isa = PBXFileReference; fileEncoding = 4; lastKnownFileType = sourcecode.swift; path = GameViewController.swift; sourceTree = "<group>"; };
		50683EEE1EE550FD0039C140 /* GameViewController.xib */ = {isa = PBXFileReference; fileEncoding = 4; lastKnownFileType = file.xib; path = GameViewController.xib; sourceTree = "<group>"; };
		50683EF21EE569CA0039C140 /* ErrorSpotting.swift */ = {isa = PBXFileReference; fileEncoding = 4; lastKnownFileType = sourcecode.swift; path = ErrorSpotting.swift; sourceTree = "<group>"; };
		50683EF41EE56A140039C140 /* ErrorSpottingViewController.swift */ = {isa = PBXFileReference; fileEncoding = 4; lastKnownFileType = sourcecode.swift; path = ErrorSpottingViewController.swift; sourceTree = "<group>"; };
		50683EF51EE56A140039C140 /* ErrorSpottingViewController.xib */ = {isa = PBXFileReference; fileEncoding = 4; lastKnownFileType = file.xib; path = ErrorSpottingViewController.xib; sourceTree = "<group>"; };
		50683EF81EE56C8A0039C140 /* Util.swift */ = {isa = PBXFileReference; fileEncoding = 4; lastKnownFileType = sourcecode.swift; path = Util.swift; sourceTree = "<group>"; };
		507889191EEACA5600C66E23 /* SpeedMathGame.swift */ = {isa = PBXFileReference; fileEncoding = 4; lastKnownFileType = sourcecode.swift; path = SpeedMathGame.swift; sourceTree = "<group>"; };
		5078891B1EEACBAB00C66E23 /* SpeedMathViewController.swift */ = {isa = PBXFileReference; fileEncoding = 4; lastKnownFileType = sourcecode.swift; path = SpeedMathViewController.swift; sourceTree = "<group>"; };
		5078891C1EEACBAB00C66E23 /* SpeedMathViewController.xib */ = {isa = PBXFileReference; fileEncoding = 4; lastKnownFileType = file.xib; path = SpeedMathViewController.xib; sourceTree = "<group>"; };
		5078891F1EEACFB000C66E23 /* Math.swift */ = {isa = PBXFileReference; fileEncoding = 4; lastKnownFileType = sourcecode.swift; path = Math.swift; sourceTree = "<group>"; };
		507889221EEAD29A00C66E23 /* UIViewShake.swift */ = {isa = PBXFileReference; fileEncoding = 4; lastKnownFileType = sourcecode.swift; path = UIViewShake.swift; sourceTree = "<group>"; };
		5078892A1EEAE14500C66E23 /* BrainTrain.xcdatamodel */ = {isa = PBXFileReference; lastKnownFileType = wrapper.xcdatamodel; path = BrainTrain.xcdatamodel; sourceTree = "<group>"; };
		507889361EEAEF0D00C66E23 /* GameScore.swift */ = {isa = PBXFileReference; fileEncoding = 4; lastKnownFileType = sourcecode.swift; path = GameScore.swift; sourceTree = "<group>"; };
		507889381EED400800C66E23 /* ErrorSpotting.xcassets */ = {isa = PBXFileReference; lastKnownFileType = folder.assetcatalog; path = ErrorSpotting.xcassets; sourceTree = "<group>"; };
		5078893B1EED695400C66E23 /* ColoredWordsGame.swift */ = {isa = PBXFileReference; fileEncoding = 4; lastKnownFileType = sourcecode.swift; path = ColoredWordsGame.swift; sourceTree = "<group>"; };
		507889411EED6B7300C66E23 /* ColoredWordsViewController.swift */ = {isa = PBXFileReference; fileEncoding = 4; lastKnownFileType = sourcecode.swift; path = ColoredWordsViewController.swift; sourceTree = "<group>"; };
		507889421EED6B7300C66E23 /* ColoredWordsViewController.xib */ = {isa = PBXFileReference; fileEncoding = 4; lastKnownFileType = file.xib; path = ColoredWordsViewController.xib; sourceTree = "<group>"; };
		507889451EF3DE1300C66E23 /* ChartSeries.swift */ = {isa = PBXFileReference; fileEncoding = 4; lastKnownFileType = sourcecode.swift; path = ChartSeries.swift; sourceTree = "<group>"; };
		507889471F03E16D00C66E23 /* GameLevel.swift */ = {isa = PBXFileReference; fileEncoding = 4; lastKnownFileType = sourcecode.swift; path = GameLevel.swift; sourceTree = "<group>"; };
		54940087EBC3B78A815C149C /* Pods-BrainTrainTests.release.xcconfig */ = {isa = PBXFileReference; includeInIndex = 1; lastKnownFileType = text.xcconfig; name = "Pods-BrainTrainTests.release.xcconfig"; path = "Pods/Target Support Files/Pods-BrainTrainTests/Pods-BrainTrainTests.release.xcconfig"; sourceTree = "<group>"; };
		556AC2A36485E7699A2BA6C0 /* Pods_BrainTrain.framework */ = {isa = PBXFileReference; explicitFileType = wrapper.framework; includeInIndex = 0; path = Pods_BrainTrain.framework; sourceTree = BUILT_PRODUCTS_DIR; };
		6A9B9DA999A77DA26C2F54BF /* Pods_BrainTrainTests.framework */ = {isa = PBXFileReference; explicitFileType = wrapper.framework; includeInIndex = 0; path = Pods_BrainTrainTests.framework; sourceTree = BUILT_PRODUCTS_DIR; };
		9233B0D99744C6E9CE85E42C /* Pods-BrainTrainTests.debug.xcconfig */ = {isa = PBXFileReference; includeInIndex = 1; lastKnownFileType = text.xcconfig; name = "Pods-BrainTrainTests.debug.xcconfig"; path = "Pods/Target Support Files/Pods-BrainTrainTests/Pods-BrainTrainTests.debug.xcconfig"; sourceTree = "<group>"; };
		E2357BCE7C777EED3E0E0812 /* Pods_BrainTrainUITests.framework */ = {isa = PBXFileReference; explicitFileType = wrapper.framework; includeInIndex = 0; path = Pods_BrainTrainUITests.framework; sourceTree = BUILT_PRODUCTS_DIR; };
		FC58577C8BAFDA8BF62A57F8 /* Pods-BrainTrain.debug.xcconfig */ = {isa = PBXFileReference; includeInIndex = 1; lastKnownFileType = text.xcconfig; name = "Pods-BrainTrain.debug.xcconfig"; path = "Pods/Target Support Files/Pods-BrainTrain/Pods-BrainTrain.debug.xcconfig"; sourceTree = "<group>"; };
/* End PBXFileReference section */

/* Begin PBXFrameworksBuildPhase section */
		50683EA21EE471D50039C140 /* Frameworks */ = {
			isa = PBXFrameworksBuildPhase;
			buildActionMask = 2147483647;
			files = (
				279332CA74ACC77F6E32E76E /* Pods_BrainTrain.framework in Frameworks */,
			);
			runOnlyForDeploymentPostprocessing = 0;
		};
		50683EB61EE471D50039C140 /* Frameworks */ = {
			isa = PBXFrameworksBuildPhase;
			buildActionMask = 2147483647;
			files = (
				7C8EF948A73593F9F66EE8A0 /* Pods_BrainTrainTests.framework in Frameworks */,
			);
			runOnlyForDeploymentPostprocessing = 0;
		};
		50683EC11EE471D50039C140 /* Frameworks */ = {
			isa = PBXFrameworksBuildPhase;
			buildActionMask = 2147483647;
			files = (
				AB82728D9982A4BDBAA79802 /* Pods_BrainTrainUITests.framework in Frameworks */,
			);
			runOnlyForDeploymentPostprocessing = 0;
		};
/* End PBXFrameworksBuildPhase section */

/* Begin PBXGroup section */
		50683E9C1EE471D50039C140 = {
			isa = PBXGroup;
			children = (
				50683EA71EE471D50039C140 /* BrainTrain */,
				50683EBC1EE471D50039C140 /* BrainTrainTests */,
				50683EC71EE471D50039C140 /* BrainTrainUITests */,
				50683EA61EE471D50039C140 /* Products */,
				5C932B816352F350EE1FC7D2 /* Pods */,
				7E80D3C9B1D87B24491390AE /* Frameworks */,
			);
			sourceTree = "<group>";
		};
		50683EA61EE471D50039C140 /* Products */ = {
			isa = PBXGroup;
			children = (
				50683EA51EE471D50039C140 /* BrainTrain.app */,
				50683EB91EE471D50039C140 /* BrainTrainTests.xctest */,
				50683EC41EE471D50039C140 /* BrainTrainUITests.xctest */,
			);
			name = Products;
			sourceTree = "<group>";
		};
		50683EA71EE471D50039C140 /* BrainTrain */ = {
			isa = PBXGroup;
			children = (
				507889211EEAD28C00C66E23 /* Extensions */,
				50683EDB1EE4742F0039C140 /* Games */,
				50683EF81EE56C8A0039C140 /* Util.swift */,
				50683EA81EE471D50039C140 /* AppDelegate.swift */,
				50683EE51EE478320039C140 /* GameTableViewController.swift */,
				50683EAC1EE471D50039C140 /* Main.storyboard */,
				50683EAF1EE471D50039C140 /* Assets.xcassets */,
				507889381EED400800C66E23 /* ErrorSpotting.xcassets */,
				50683EB11EE471D50039C140 /* LaunchScreen.storyboard */,
				50683EB41EE471D50039C140 /* Info.plist */,
				507889291EEAE14500C66E23 /* BrainTrain.xcdatamodeld */,
			);
			path = BrainTrain;
			sourceTree = "<group>";
		};
		50683EBC1EE471D50039C140 /* BrainTrainTests */ = {
			isa = PBXGroup;
			children = (
				50683EBD1EE471D50039C140 /* BrainTrainTests.swift */,
				50683EBF1EE471D50039C140 /* Info.plist */,
			);
			path = BrainTrainTests;
			sourceTree = "<group>";
		};
		50683EC71EE471D50039C140 /* BrainTrainUITests */ = {
			isa = PBXGroup;
			children = (
				50683EC81EE471D50039C140 /* BrainTrainUITests.swift */,
				50683ECA1EE471D50039C140 /* Info.plist */,
			);
			path = BrainTrainUITests;
			sourceTree = "<group>";
		};
		50683EDB1EE4742F0039C140 /* Games */ = {
			isa = PBXGroup;
			children = (
				50683EDC1EE474390039C140 /* GameProtocol.swift */,
				507889361EEAEF0D00C66E23 /* GameScore.swift */,
				507889471F03E16D00C66E23 /* GameLevel.swift */,
				50683EDE1EE474610039C140 /* GameManager.swift */,
				50683EED1EE550FD0039C140 /* GameViewController.swift */,
				50683EEE1EE550FD0039C140 /* GameViewController.xib */,
				5078893A1EED693400C66E23 /* ColoredWords */,
				50683EF11EE569BE0039C140 /* ErrorSpotting */,
				507889181EEACA4800C66E23 /* SpeedMath */,
				50683EE01EE474ED0039C140 /* TestGame */,
			);
			path = Games;
			sourceTree = "<group>";
		};
		50683EE01EE474ED0039C140 /* TestGame */ = {
			isa = PBXGroup;
			children = (
				50683EE91EE54B390039C140 /* TestGameViewController.swift */,
				50683EEA1EE54B390039C140 /* TestGameViewController.xib */,
				50683EE11EE4754E0039C140 /* TestGame.swift */,
			);
			path = TestGame;
			sourceTree = "<group>";
		};
		50683EF11EE569BE0039C140 /* ErrorSpotting */ = {
			isa = PBXGroup;
			children = (
				50683EF21EE569CA0039C140 /* ErrorSpotting.swift */,
				50683EF41EE56A140039C140 /* ErrorSpottingViewController.swift */,
				50683EF51EE56A140039C140 /* ErrorSpottingViewController.xib */,
			);
			path = ErrorSpotting;
			sourceTree = "<group>";
		};
		507889181EEACA4800C66E23 /* SpeedMath */ = {
			isa = PBXGroup;
			children = (
				5078891F1EEACFB000C66E23 /* Math.swift */,
				507889191EEACA5600C66E23 /* SpeedMathGame.swift */,
				5078891B1EEACBAB00C66E23 /* SpeedMathViewController.swift */,
				5078891C1EEACBAB00C66E23 /* SpeedMathViewController.xib */,
			);
			path = SpeedMath;
			sourceTree = "<group>";
		};
		507889211EEAD28C00C66E23 /* Extensions */ = {
			isa = PBXGroup;
			children = (
				507889221EEAD29A00C66E23 /* UIViewShake.swift */,
				507889451EF3DE1300C66E23 /* ChartSeries.swift */,
			);
			path = Extensions;
			sourceTree = "<group>";
		};
		5078893A1EED693400C66E23 /* ColoredWords */ = {
			isa = PBXGroup;
			children = (
				5078893B1EED695400C66E23 /* ColoredWordsGame.swift */,
				507889411EED6B7300C66E23 /* ColoredWordsViewController.swift */,
				507889421EED6B7300C66E23 /* ColoredWordsViewController.xib */,
			);
			path = ColoredWords;
			sourceTree = "<group>";
		};
		5C932B816352F350EE1FC7D2 /* Pods */ = {
			isa = PBXGroup;
			children = (
				FC58577C8BAFDA8BF62A57F8 /* Pods-BrainTrain.debug.xcconfig */,
				48BF940B616658E5C161E11F /* Pods-BrainTrain.release.xcconfig */,
				9233B0D99744C6E9CE85E42C /* Pods-BrainTrainTests.debug.xcconfig */,
				54940087EBC3B78A815C149C /* Pods-BrainTrainTests.release.xcconfig */,
				31C476DBEBBA14EE4FFD367B /* Pods-BrainTrainUITests.debug.xcconfig */,
				297FD4EB288F1524923FF8A8 /* Pods-BrainTrainUITests.release.xcconfig */,
			);
			name = Pods;
			sourceTree = "<group>";
		};
		7E80D3C9B1D87B24491390AE /* Frameworks */ = {
			isa = PBXGroup;
			children = (
				556AC2A36485E7699A2BA6C0 /* Pods_BrainTrain.framework */,
				6A9B9DA999A77DA26C2F54BF /* Pods_BrainTrainTests.framework */,
				E2357BCE7C777EED3E0E0812 /* Pods_BrainTrainUITests.framework */,
			);
			name = Frameworks;
			sourceTree = "<group>";
		};
/* End PBXGroup section */

/* Begin PBXNativeTarget section */
		50683EA41EE471D50039C140 /* BrainTrain */ = {
			isa = PBXNativeTarget;
			buildConfigurationList = 50683ECD1EE471D50039C140 /* Build configuration list for PBXNativeTarget "BrainTrain" */;
			buildPhases = (
				30368B9B289C38A8CE6AD6FA /* [CP] Check Pods Manifest.lock */,
				50683EA11EE471D50039C140 /* Sources */,
				50683EA21EE471D50039C140 /* Frameworks */,
				50683EA31EE471D50039C140 /* Resources */,
				037D313C4004F10094665D17 /* [CP] Embed Pods Frameworks */,
				42AFE0EE6750172D0E4FD48D /* [CP] Copy Pods Resources */,
			);
			buildRules = (
			);
			dependencies = (
			);
			name = BrainTrain;
			productName = BrainTrain;
			productReference = 50683EA51EE471D50039C140 /* BrainTrain.app */;
			productType = "com.apple.product-type.application";
		};
		50683EB81EE471D50039C140 /* BrainTrainTests */ = {
			isa = PBXNativeTarget;
			buildConfigurationList = 50683ED01EE471D50039C140 /* Build configuration list for PBXNativeTarget "BrainTrainTests" */;
			buildPhases = (
				1A1E443CA8F8C6894D158A3B /* [CP] Check Pods Manifest.lock */,
				50683EB51EE471D50039C140 /* Sources */,
				50683EB61EE471D50039C140 /* Frameworks */,
				50683EB71EE471D50039C140 /* Resources */,
				908AA4EBA193E235830FBECC /* [CP] Embed Pods Frameworks */,
				37494CB9B0FE7D477ADE44C0 /* [CP] Copy Pods Resources */,
			);
			buildRules = (
			);
			dependencies = (
				50683EBB1EE471D50039C140 /* PBXTargetDependency */,
			);
			name = BrainTrainTests;
			productName = BrainTrainTests;
			productReference = 50683EB91EE471D50039C140 /* BrainTrainTests.xctest */;
			productType = "com.apple.product-type.bundle.unit-test";
		};
		50683EC31EE471D50039C140 /* BrainTrainUITests */ = {
			isa = PBXNativeTarget;
			buildConfigurationList = 50683ED31EE471D50039C140 /* Build configuration list for PBXNativeTarget "BrainTrainUITests" */;
			buildPhases = (
				487462139EC4BFB1C96F355C /* [CP] Check Pods Manifest.lock */,
				50683EC01EE471D50039C140 /* Sources */,
				50683EC11EE471D50039C140 /* Frameworks */,
				50683EC21EE471D50039C140 /* Resources */,
				C7ADCD6AA9837B1F05FE1302 /* [CP] Embed Pods Frameworks */,
				1CC8A2CF3D60C204B5D362BB /* [CP] Copy Pods Resources */,
			);
			buildRules = (
			);
			dependencies = (
				50683EC61EE471D50039C140 /* PBXTargetDependency */,
			);
			name = BrainTrainUITests;
			productName = BrainTrainUITests;
			productReference = 50683EC41EE471D50039C140 /* BrainTrainUITests.xctest */;
			productType = "com.apple.product-type.bundle.ui-testing";
		};
/* End PBXNativeTarget section */

/* Begin PBXProject section */
		50683E9D1EE471D50039C140 /* Project object */ = {
			isa = PBXProject;
			attributes = {
				LastSwiftUpdateCheck = 0830;
				LastUpgradeCheck = 0830;
				ORGANIZATIONNAME = "Gruppe 4";
				TargetAttributes = {
					50683EA41EE471D50039C140 = {
						CreatedOnToolsVersion = 8.3.2;
						DevelopmentTeam = D433NZGTKV;
						ProvisioningStyle = Automatic;
					};
					50683EB81EE471D50039C140 = {
						CreatedOnToolsVersion = 8.3.2;
						ProvisioningStyle = Automatic;
						TestTargetID = 50683EA41EE471D50039C140;
					};
					50683EC31EE471D50039C140 = {
						CreatedOnToolsVersion = 8.3.2;
						ProvisioningStyle = Automatic;
						TestTargetID = 50683EA41EE471D50039C140;
					};
				};
			};
			buildConfigurationList = 50683EA01EE471D50039C140 /* Build configuration list for PBXProject "BrainTrain" */;
			compatibilityVersion = "Xcode 3.2";
			developmentRegion = English;
			hasScannedForEncodings = 0;
			knownRegions = (
				en,
				Base,
			);
			mainGroup = 50683E9C1EE471D50039C140;
			productRefGroup = 50683EA61EE471D50039C140 /* Products */;
			projectDirPath = "";
			projectRoot = "";
			targets = (
				50683EA41EE471D50039C140 /* BrainTrain */,
				50683EB81EE471D50039C140 /* BrainTrainTests */,
				50683EC31EE471D50039C140 /* BrainTrainUITests */,
			);
		};
/* End PBXProject section */

/* Begin PBXResourcesBuildPhase section */
		50683EA31EE471D50039C140 /* Resources */ = {
			isa = PBXResourcesBuildPhase;
			buildActionMask = 2147483647;
			files = (
				5078891E1EEACBAB00C66E23 /* SpeedMathViewController.xib in Resources */,
				50683EEC1EE54B390039C140 /* TestGameViewController.xib in Resources */,
				50683EB31EE471D50039C140 /* LaunchScreen.storyboard in Resources */,
				50683EB01EE471D50039C140 /* Assets.xcassets in Resources */,
				507889391EED400800C66E23 /* ErrorSpotting.xcassets in Resources */,
				50683EF71EE56A140039C140 /* ErrorSpottingViewController.xib in Resources */,
				507889441EED6B7300C66E23 /* ColoredWordsViewController.xib in Resources */,
				50683EAE1EE471D50039C140 /* Main.storyboard in Resources */,
				50683EF01EE550FD0039C140 /* GameViewController.xib in Resources */,
			);
			runOnlyForDeploymentPostprocessing = 0;
		};
		50683EB71EE471D50039C140 /* Resources */ = {
			isa = PBXResourcesBuildPhase;
			buildActionMask = 2147483647;
			files = (
			);
			runOnlyForDeploymentPostprocessing = 0;
		};
		50683EC21EE471D50039C140 /* Resources */ = {
			isa = PBXResourcesBuildPhase;
			buildActionMask = 2147483647;
			files = (
			);
			runOnlyForDeploymentPostprocessing = 0;
		};
/* End PBXResourcesBuildPhase section */

/* Begin PBXShellScriptBuildPhase section */
		037D313C4004F10094665D17 /* [CP] Embed Pods Frameworks */ = {
			isa = PBXShellScriptBuildPhase;
			buildActionMask = 2147483647;
			files = (
			);
			inputPaths = (
			);
			name = "[CP] Embed Pods Frameworks";
			outputPaths = (
			);
			runOnlyForDeploymentPostprocessing = 0;
			shellPath = /bin/sh;
			shellScript = "\"${SRCROOT}/Pods/Target Support Files/Pods-BrainTrain/Pods-BrainTrain-frameworks.sh\"\n";
			showEnvVarsInLog = 0;
		};
		1A1E443CA8F8C6894D158A3B /* [CP] Check Pods Manifest.lock */ = {
			isa = PBXShellScriptBuildPhase;
			buildActionMask = 2147483647;
			files = (
			);
			inputPaths = (
			);
			name = "[CP] Check Pods Manifest.lock";
			outputPaths = (
			);
			runOnlyForDeploymentPostprocessing = 0;
			shellPath = /bin/sh;
			shellScript = "diff \"${PODS_PODFILE_DIR_PATH}/Podfile.lock\" \"${PODS_ROOT}/Manifest.lock\" > /dev/null\nif [ $? != 0 ] ; then\n    # print error to STDERR\n    echo \"error: The sandbox is not in sync with the Podfile.lock. Run 'pod install' or update your CocoaPods installation.\" >&2\n    exit 1\nfi\n";
			showEnvVarsInLog = 0;
		};
		1CC8A2CF3D60C204B5D362BB /* [CP] Copy Pods Resources */ = {
			isa = PBXShellScriptBuildPhase;
			buildActionMask = 2147483647;
			files = (
			);
			inputPaths = (
			);
			name = "[CP] Copy Pods Resources";
			outputPaths = (
			);
			runOnlyForDeploymentPostprocessing = 0;
			shellPath = /bin/sh;
			shellScript = "\"${SRCROOT}/Pods/Target Support Files/Pods-BrainTrainUITests/Pods-BrainTrainUITests-resources.sh\"\n";
			showEnvVarsInLog = 0;
		};
		30368B9B289C38A8CE6AD6FA /* [CP] Check Pods Manifest.lock */ = {
			isa = PBXShellScriptBuildPhase;
			buildActionMask = 2147483647;
			files = (
			);
			inputPaths = (
			);
			name = "[CP] Check Pods Manifest.lock";
			outputPaths = (
			);
			runOnlyForDeploymentPostprocessing = 0;
			shellPath = /bin/sh;
			shellScript = "diff \"${PODS_PODFILE_DIR_PATH}/Podfile.lock\" \"${PODS_ROOT}/Manifest.lock\" > /dev/null\nif [ $? != 0 ] ; then\n    # print error to STDERR\n    echo \"error: The sandbox is not in sync with the Podfile.lock. Run 'pod install' or update your CocoaPods installation.\" >&2\n    exit 1\nfi\n";
			showEnvVarsInLog = 0;
		};
		37494CB9B0FE7D477ADE44C0 /* [CP] Copy Pods Resources */ = {
			isa = PBXShellScriptBuildPhase;
			buildActionMask = 2147483647;
			files = (
			);
			inputPaths = (
			);
			name = "[CP] Copy Pods Resources";
			outputPaths = (
			);
			runOnlyForDeploymentPostprocessing = 0;
			shellPath = /bin/sh;
			shellScript = "\"${SRCROOT}/Pods/Target Support Files/Pods-BrainTrainTests/Pods-BrainTrainTests-resources.sh\"\n";
			showEnvVarsInLog = 0;
		};
		42AFE0EE6750172D0E4FD48D /* [CP] Copy Pods Resources */ = {
			isa = PBXShellScriptBuildPhase;
			buildActionMask = 2147483647;
			files = (
			);
			inputPaths = (
			);
			name = "[CP] Copy Pods Resources";
			outputPaths = (
			);
			runOnlyForDeploymentPostprocessing = 0;
			shellPath = /bin/sh;
			shellScript = "\"${SRCROOT}/Pods/Target Support Files/Pods-BrainTrain/Pods-BrainTrain-resources.sh\"\n";
			showEnvVarsInLog = 0;
		};
		487462139EC4BFB1C96F355C /* [CP] Check Pods Manifest.lock */ = {
			isa = PBXShellScriptBuildPhase;
			buildActionMask = 2147483647;
			files = (
			);
			inputPaths = (
			);
			name = "[CP] Check Pods Manifest.lock";
			outputPaths = (
			);
			runOnlyForDeploymentPostprocessing = 0;
			shellPath = /bin/sh;
			shellScript = "diff \"${PODS_PODFILE_DIR_PATH}/Podfile.lock\" \"${PODS_ROOT}/Manifest.lock\" > /dev/null\nif [ $? != 0 ] ; then\n    # print error to STDERR\n    echo \"error: The sandbox is not in sync with the Podfile.lock. Run 'pod install' or update your CocoaPods installation.\" >&2\n    exit 1\nfi\n";
			showEnvVarsInLog = 0;
		};
		908AA4EBA193E235830FBECC /* [CP] Embed Pods Frameworks */ = {
			isa = PBXShellScriptBuildPhase;
			buildActionMask = 2147483647;
			files = (
			);
			inputPaths = (
			);
			name = "[CP] Embed Pods Frameworks";
			outputPaths = (
			);
			runOnlyForDeploymentPostprocessing = 0;
			shellPath = /bin/sh;
			shellScript = "\"${SRCROOT}/Pods/Target Support Files/Pods-BrainTrainTests/Pods-BrainTrainTests-frameworks.sh\"\n";
			showEnvVarsInLog = 0;
		};
		C7ADCD6AA9837B1F05FE1302 /* [CP] Embed Pods Frameworks */ = {
			isa = PBXShellScriptBuildPhase;
			buildActionMask = 2147483647;
			files = (
			);
			inputPaths = (
			);
			name = "[CP] Embed Pods Frameworks";
			outputPaths = (
			);
			runOnlyForDeploymentPostprocessing = 0;
			shellPath = /bin/sh;
			shellScript = "\"${SRCROOT}/Pods/Target Support Files/Pods-BrainTrainUITests/Pods-BrainTrainUITests-frameworks.sh\"\n";
			showEnvVarsInLog = 0;
		};
/* End PBXShellScriptBuildPhase section */

/* Begin PBXSourcesBuildPhase section */
		50683EA11EE471D50039C140 /* Sources */ = {
			isa = PBXSourcesBuildPhase;
			buildActionMask = 2147483647;
			files = (
				507889431EED6B7300C66E23 /* ColoredWordsViewController.swift in Sources */,
				507889371EEAEF0D00C66E23 /* GameScore.swift in Sources */,
				50683EF31EE569CA0039C140 /* ErrorSpotting.swift in Sources */,
				5078893C1EED695400C66E23 /* ColoredWordsGame.swift in Sources */,
				507889231EEAD29A00C66E23 /* UIViewShake.swift in Sources */,
				507889201EEACFB000C66E23 /* Math.swift in Sources */,
				50683EDF1EE474610039C140 /* GameManager.swift in Sources */,
				50683EEB1EE54B390039C140 /* TestGameViewController.swift in Sources */,
				50683EF61EE56A140039C140 /* ErrorSpottingViewController.swift in Sources */,
				50683EE61EE478320039C140 /* GameTableViewController.swift in Sources */,
				50683EEF1EE550FD0039C140 /* GameViewController.swift in Sources */,
				5078891D1EEACBAB00C66E23 /* SpeedMathViewController.swift in Sources */,
				507889481F03E16D00C66E23 /* GameLevel.swift in Sources */,
				50683EE21EE4754E0039C140 /* TestGame.swift in Sources */,
				50683EF91EE56C8A0039C140 /* Util.swift in Sources */,
				50683EA91EE471D50039C140 /* AppDelegate.swift in Sources */,
				5078892B1EEAE14500C66E23 /* BrainTrain.xcdatamodeld in Sources */,
				507889461EF3DE1300C66E23 /* ChartSeries.swift in Sources */,
				5078891A1EEACA5600C66E23 /* SpeedMathGame.swift in Sources */,
				50683EDD1EE474390039C140 /* GameProtocol.swift in Sources */,
			);
			runOnlyForDeploymentPostprocessing = 0;
		};
		50683EB51EE471D50039C140 /* Sources */ = {
			isa = PBXSourcesBuildPhase;
			buildActionMask = 2147483647;
			files = (
				50683EBE1EE471D50039C140 /* BrainTrainTests.swift in Sources */,
			);
			runOnlyForDeploymentPostprocessing = 0;
		};
		50683EC01EE471D50039C140 /* Sources */ = {
			isa = PBXSourcesBuildPhase;
			buildActionMask = 2147483647;
			files = (
				50683EC91EE471D50039C140 /* BrainTrainUITests.swift in Sources */,
			);
			runOnlyForDeploymentPostprocessing = 0;
		};
/* End PBXSourcesBuildPhase section */

/* Begin PBXTargetDependency section */
		50683EBB1EE471D50039C140 /* PBXTargetDependency */ = {
			isa = PBXTargetDependency;
			target = 50683EA41EE471D50039C140 /* BrainTrain */;
			targetProxy = 50683EBA1EE471D50039C140 /* PBXContainerItemProxy */;
		};
		50683EC61EE471D50039C140 /* PBXTargetDependency */ = {
			isa = PBXTargetDependency;
			target = 50683EA41EE471D50039C140 /* BrainTrain */;
			targetProxy = 50683EC51EE471D50039C140 /* PBXContainerItemProxy */;
		};
/* End PBXTargetDependency section */

/* Begin PBXVariantGroup section */
		50683EAC1EE471D50039C140 /* Main.storyboard */ = {
			isa = PBXVariantGroup;
			children = (
				50683EAD1EE471D50039C140 /* Base */,
			);
			name = Main.storyboard;
			sourceTree = "<group>";
		};
		50683EB11EE471D50039C140 /* LaunchScreen.storyboard */ = {
			isa = PBXVariantGroup;
			children = (
				50683EB21EE471D50039C140 /* Base */,
			);
			name = LaunchScreen.storyboard;
			sourceTree = "<group>";
		};
/* End PBXVariantGroup section */

/* Begin XCBuildConfiguration section */
		50683ECB1EE471D50039C140 /* Debug */ = {
			isa = XCBuildConfiguration;
			buildSettings = {
				ALWAYS_SEARCH_USER_PATHS = NO;
				CLANG_ANALYZER_NONNULL = YES;
				CLANG_ANALYZER_NUMBER_OBJECT_CONVERSION = YES_AGGRESSIVE;
				CLANG_CXX_LANGUAGE_STANDARD = "gnu++0x";
				CLANG_CXX_LIBRARY = "libc++";
				CLANG_ENABLE_MODULES = YES;
				CLANG_ENABLE_OBJC_ARC = YES;
				CLANG_WARN_BOOL_CONVERSION = YES;
				CLANG_WARN_CONSTANT_CONVERSION = YES;
				CLANG_WARN_DIRECT_OBJC_ISA_USAGE = YES_ERROR;
				CLANG_WARN_DOCUMENTATION_COMMENTS = YES;
				CLANG_WARN_EMPTY_BODY = YES;
				CLANG_WARN_ENUM_CONVERSION = YES;
				CLANG_WARN_INFINITE_RECURSION = YES;
				CLANG_WARN_INT_CONVERSION = YES;
				CLANG_WARN_OBJC_ROOT_CLASS = YES_ERROR;
				CLANG_WARN_SUSPICIOUS_MOVE = YES;
				CLANG_WARN_UNREACHABLE_CODE = YES;
				CLANG_WARN__DUPLICATE_METHOD_MATCH = YES;
				"CODE_SIGN_IDENTITY[sdk=iphoneos*]" = "iPhone Developer";
				COPY_PHASE_STRIP = NO;
				DEBUG_INFORMATION_FORMAT = dwarf;
				ENABLE_STRICT_OBJC_MSGSEND = YES;
				ENABLE_TESTABILITY = YES;
				GCC_C_LANGUAGE_STANDARD = gnu99;
				GCC_DYNAMIC_NO_PIC = NO;
				GCC_NO_COMMON_BLOCKS = YES;
				GCC_OPTIMIZATION_LEVEL = 0;
				GCC_PREPROCESSOR_DEFINITIONS = (
					"DEBUG=1",
					"$(inherited)",
				);
				GCC_WARN_64_TO_32_BIT_CONVERSION = YES;
				GCC_WARN_ABOUT_RETURN_TYPE = YES_ERROR;
				GCC_WARN_UNDECLARED_SELECTOR = YES;
				GCC_WARN_UNINITIALIZED_AUTOS = YES_AGGRESSIVE;
				GCC_WARN_UNUSED_FUNCTION = YES;
				GCC_WARN_UNUSED_VARIABLE = YES;
				IPHONEOS_DEPLOYMENT_TARGET = 10.3;
				MTL_ENABLE_DEBUG_INFO = YES;
				ONLY_ACTIVE_ARCH = YES;
				SDKROOT = iphoneos;
				SWIFT_ACTIVE_COMPILATION_CONDITIONS = DEBUG;
				SWIFT_OPTIMIZATION_LEVEL = "-Onone";
				TARGETED_DEVICE_FAMILY = "1,2";
			};
			name = Debug;
		};
		50683ECC1EE471D50039C140 /* Release */ = {
			isa = XCBuildConfiguration;
			buildSettings = {
				ALWAYS_SEARCH_USER_PATHS = NO;
				CLANG_ANALYZER_NONNULL = YES;
				CLANG_ANALYZER_NUMBER_OBJECT_CONVERSION = YES_AGGRESSIVE;
				CLANG_CXX_LANGUAGE_STANDARD = "gnu++0x";
				CLANG_CXX_LIBRARY = "libc++";
				CLANG_ENABLE_MODULES = YES;
				CLANG_ENABLE_OBJC_ARC = YES;
				CLANG_WARN_BOOL_CONVERSION = YES;
				CLANG_WARN_CONSTANT_CONVERSION = YES;
				CLANG_WARN_DIRECT_OBJC_ISA_USAGE = YES_ERROR;
				CLANG_WARN_DOCUMENTATION_COMMENTS = YES;
				CLANG_WARN_EMPTY_BODY = YES;
				CLANG_WARN_ENUM_CONVERSION = YES;
				CLANG_WARN_INFINITE_RECURSION = YES;
				CLANG_WARN_INT_CONVERSION = YES;
				CLANG_WARN_OBJC_ROOT_CLASS = YES_ERROR;
				CLANG_WARN_SUSPICIOUS_MOVE = YES;
				CLANG_WARN_UNREACHABLE_CODE = YES;
				CLANG_WARN__DUPLICATE_METHOD_MATCH = YES;
				"CODE_SIGN_IDENTITY[sdk=iphoneos*]" = "iPhone Developer";
				COPY_PHASE_STRIP = NO;
				DEBUG_INFORMATION_FORMAT = "dwarf-with-dsym";
				ENABLE_NS_ASSERTIONS = NO;
				ENABLE_STRICT_OBJC_MSGSEND = YES;
				GCC_C_LANGUAGE_STANDARD = gnu99;
				GCC_NO_COMMON_BLOCKS = YES;
				GCC_WARN_64_TO_32_BIT_CONVERSION = YES;
				GCC_WARN_ABOUT_RETURN_TYPE = YES_ERROR;
				GCC_WARN_UNDECLARED_SELECTOR = YES;
				GCC_WARN_UNINITIALIZED_AUTOS = YES_AGGRESSIVE;
				GCC_WARN_UNUSED_FUNCTION = YES;
				GCC_WARN_UNUSED_VARIABLE = YES;
				IPHONEOS_DEPLOYMENT_TARGET = 10.3;
				MTL_ENABLE_DEBUG_INFO = NO;
				SDKROOT = iphoneos;
				SWIFT_OPTIMIZATION_LEVEL = "-Owholemodule";
				TARGETED_DEVICE_FAMILY = "1,2";
				VALIDATE_PRODUCT = YES;
			};
			name = Release;
		};
		50683ECE1EE471D50039C140 /* Debug */ = {
			isa = XCBuildConfiguration;
			baseConfigurationReference = FC58577C8BAFDA8BF62A57F8 /* Pods-BrainTrain.debug.xcconfig */;
			buildSettings = {
				ASSETCATALOG_COMPILER_APPICON_NAME = AppIcon;
				DEVELOPMENT_TEAM = D433NZGTKV;
				INFOPLIST_FILE = BrainTrain/Info.plist;
				LD_RUNPATH_SEARCH_PATHS = "$(inherited) @executable_path/Frameworks";
				PRODUCT_BUNDLE_IDENTIFIER = gruppe4.BrainTrain;
				PRODUCT_NAME = "$(TARGET_NAME)";
				SWIFT_VERSION = 3.0;
			};
			name = Debug;
		};
		50683ECF1EE471D50039C140 /* Release */ = {
			isa = XCBuildConfiguration;
			baseConfigurationReference = 48BF940B616658E5C161E11F /* Pods-BrainTrain.release.xcconfig */;
			buildSettings = {
				ASSETCATALOG_COMPILER_APPICON_NAME = AppIcon;
				DEVELOPMENT_TEAM = D433NZGTKV;
				INFOPLIST_FILE = BrainTrain/Info.plist;
				LD_RUNPATH_SEARCH_PATHS = "$(inherited) @executable_path/Frameworks";
				PRODUCT_BUNDLE_IDENTIFIER = gruppe4.BrainTrain;
				PRODUCT_NAME = "$(TARGET_NAME)";
				SWIFT_VERSION = 3.0;
			};
			name = Release;
		};
		50683ED11EE471D50039C140 /* Debug */ = {
			isa = XCBuildConfiguration;
			baseConfigurationReference = 9233B0D99744C6E9CE85E42C /* Pods-BrainTrainTests.debug.xcconfig */;
			buildSettings = {
				ALWAYS_EMBED_SWIFT_STANDARD_LIBRARIES = YES;
				BUNDLE_LOADER = "$(TEST_HOST)";
				INFOPLIST_FILE = BrainTrainTests/Info.plist;
				LD_RUNPATH_SEARCH_PATHS = "$(inherited) @executable_path/Frameworks @loader_path/Frameworks";
				PRODUCT_BUNDLE_IDENTIFIER = gruppe4.BrainTrainTests;
				PRODUCT_NAME = "$(TARGET_NAME)";
				SWIFT_VERSION = 3.0;
				TEST_HOST = "$(BUILT_PRODUCTS_DIR)/BrainTrain.app/BrainTrain";
			};
			name = Debug;
		};
		50683ED21EE471D50039C140 /* Release */ = {
			isa = XCBuildConfiguration;
			baseConfigurationReference = 54940087EBC3B78A815C149C /* Pods-BrainTrainTests.release.xcconfig */;
			buildSettings = {
				ALWAYS_EMBED_SWIFT_STANDARD_LIBRARIES = YES;
				BUNDLE_LOADER = "$(TEST_HOST)";
				INFOPLIST_FILE = BrainTrainTests/Info.plist;
				LD_RUNPATH_SEARCH_PATHS = "$(inherited) @executable_path/Frameworks @loader_path/Frameworks";
				PRODUCT_BUNDLE_IDENTIFIER = gruppe4.BrainTrainTests;
				PRODUCT_NAME = "$(TARGET_NAME)";
				SWIFT_VERSION = 3.0;
				TEST_HOST = "$(BUILT_PRODUCTS_DIR)/BrainTrain.app/BrainTrain";
			};
			name = Release;
		};
		50683ED41EE471D50039C140 /* Debug */ = {
			isa = XCBuildConfiguration;
			baseConfigurationReference = 31C476DBEBBA14EE4FFD367B /* Pods-BrainTrainUITests.debug.xcconfig */;
			buildSettings = {
				ALWAYS_EMBED_SWIFT_STANDARD_LIBRARIES = YES;
				INFOPLIST_FILE = BrainTrainUITests/Info.plist;
				LD_RUNPATH_SEARCH_PATHS = "$(inherited) @executable_path/Frameworks @loader_path/Frameworks";
				PRODUCT_BUNDLE_IDENTIFIER = gruppe4.BrainTrainUITests;
				PRODUCT_NAME = "$(TARGET_NAME)";
				SWIFT_VERSION = 3.0;
				TEST_TARGET_NAME = BrainTrain;
			};
			name = Debug;
		};
		50683ED51EE471D50039C140 /* Release */ = {
			isa = XCBuildConfiguration;
			baseConfigurationReference = 297FD4EB288F1524923FF8A8 /* Pods-BrainTrainUITests.release.xcconfig */;
			buildSettings = {
				ALWAYS_EMBED_SWIFT_STANDARD_LIBRARIES = YES;
				INFOPLIST_FILE = BrainTrainUITests/Info.plist;
				LD_RUNPATH_SEARCH_PATHS = "$(inherited) @executable_path/Frameworks @loader_path/Frameworks";
				PRODUCT_BUNDLE_IDENTIFIER = gruppe4.BrainTrainUITests;
				PRODUCT_NAME = "$(TARGET_NAME)";
				SWIFT_VERSION = 3.0;
				TEST_TARGET_NAME = BrainTrain;
			};
			name = Release;
		};
/* End XCBuildConfiguration section */

/* Begin XCConfigurationList section */
		50683EA01EE471D50039C140 /* Build configuration list for PBXProject "BrainTrain" */ = {
			isa = XCConfigurationList;
			buildConfigurations = (
				50683ECB1EE471D50039C140 /* Debug */,
				50683ECC1EE471D50039C140 /* Release */,
			);
			defaultConfigurationIsVisible = 0;
			defaultConfigurationName = Release;
		};
		50683ECD1EE471D50039C140 /* Build configuration list for PBXNativeTarget "BrainTrain" */ = {
			isa = XCConfigurationList;
			buildConfigurations = (
				50683ECE1EE471D50039C140 /* Debug */,
				50683ECF1EE471D50039C140 /* Release */,
			);
			defaultConfigurationIsVisible = 0;
			defaultConfigurationName = Release;
		};
		50683ED01EE471D50039C140 /* Build configuration list for PBXNativeTarget "BrainTrainTests" */ = {
			isa = XCConfigurationList;
			buildConfigurations = (
				50683ED11EE471D50039C140 /* Debug */,
				50683ED21EE471D50039C140 /* Release */,
			);
			defaultConfigurationIsVisible = 0;
			defaultConfigurationName = Release;
		};
		50683ED31EE471D50039C140 /* Build configuration list for PBXNativeTarget "BrainTrainUITests" */ = {
			isa = XCConfigurationList;
			buildConfigurations = (
				50683ED41EE471D50039C140 /* Debug */,
				50683ED51EE471D50039C140 /* Release */,
			);
			defaultConfigurationIsVisible = 0;
			defaultConfigurationName = Release;
		};
/* End XCConfigurationList section */

/* Begin XCVersionGroup section */
		507889291EEAE14500C66E23 /* BrainTrain.xcdatamodeld */ = {
			isa = XCVersionGroup;
			children = (
				5078892A1EEAE14500C66E23 /* BrainTrain.xcdatamodel */,
			);
			currentVersion = 5078892A1EEAE14500C66E23 /* BrainTrain.xcdatamodel */;
			path = BrainTrain.xcdatamodeld;
			sourceTree = "<group>";
			versionGroupType = wrapper.xcdatamodel;
		};
/* End XCVersionGroup section */
	};
	rootObject = 50683E9D1EE471D50039C140 /* Project object */;
}
